// !$*UTF8*$!
{
	archiveVersion = 1;
	classes = {
	};
	objectVersion = 51;
	objects = {

/* Begin PBXBuildFile section */
		AB8A81A626356B0B007A20C2 /* AppDelegate.swift in Sources */ = {isa = PBXBuildFile; fileRef = AB8A81A526356B0B007A20C2 /* AppDelegate.swift */; };
		AB8A81A826356B0B007A20C2 /* SceneDelegate.swift in Sources */ = {isa = PBXBuildFile; fileRef = AB8A81A726356B0B007A20C2 /* SceneDelegate.swift */; };
		AB8A81AF26356B0F007A20C2 /* Assets.xcassets in Resources */ = {isa = PBXBuildFile; fileRef = AB8A81AE26356B0F007A20C2 /* Assets.xcassets */; };
		AB8A81B226356B0F007A20C2 /* LaunchScreen.storyboard in Resources */ = {isa = PBXBuildFile; fileRef = AB8A81B026356B0F007A20C2 /* LaunchScreen.storyboard */; };
		AB8A81BC26356C4B007A20C2 /* ChatHistories.storyboard in Resources */ = {isa = PBXBuildFile; fileRef = AB8A81BB26356C4A007A20C2 /* ChatHistories.storyboard */; };
		AB8A81BF26356CA9007A20C2 /* ChatHistoriesViewController.swift in Sources */ = {isa = PBXBuildFile; fileRef = AB8A81BE26356CA9007A20C2 /* ChatHistoriesViewController.swift */; };
		AB8A82082635B1DA007A20C2 /* UIColor+Extension.swift in Sources */ = {isa = PBXBuildFile; fileRef = AB8A82072635B1DA007A20C2 /* UIColor+Extension.swift */; };
		AB8A820D2635B79F007A20C2 /* ChatRoom.storyboard in Resources */ = {isa = PBXBuildFile; fileRef = AB8A820C2635B79F007A20C2 /* ChatRoom.storyboard */; };
		AB8A82122635B806007A20C2 /* ChatRoomViewController.swift in Sources */ = {isa = PBXBuildFile; fileRef = AB8A82112635B806007A20C2 /* ChatRoomViewController.swift */; };
		AB8A821C2635BB1F007A20C2 /* ChatRoomTableViewCell.swift in Sources */ = {isa = PBXBuildFile; fileRef = AB8A821A2635BB1F007A20C2 /* ChatRoomTableViewCell.swift */; };
		AB8A821D2635BB1F007A20C2 /* ChatRoomTableViewCell.xib in Resources */ = {isa = PBXBuildFile; fileRef = AB8A821B2635BB1F007A20C2 /* ChatRoomTableViewCell.xib */; };
		AB8A82232635C351007A20C2 /* ChatTableViewCell.swift in Sources */ = {isa = PBXBuildFile; fileRef = AB8A82222635C351007A20C2 /* ChatTableViewCell.swift */; };
		AB8A82282635C505007A20C2 /* ChatInputAccessoryView.xib in Resources */ = {isa = PBXBuildFile; fileRef = AB8A82272635C505007A20C2 /* ChatInputAccessoryView.xib */; };
		AB8A822C2635C635007A20C2 /* ChatInputAccessoryView.swift in Sources */ = {isa = PBXBuildFile; fileRef = AB8A822B2635C635007A20C2 /* ChatInputAccessoryView.swift */; };
		AB8A82302636821C007A20C2 /* UITableViewCell+Extension.swift in Sources */ = {isa = PBXBuildFile; fileRef = AB8A822F2636821C007A20C2 /* UITableViewCell+Extension.swift */; };
		AB8A823326368295007A20C2 /* UIViewController+Extension.swift in Sources */ = {isa = PBXBuildFile; fileRef = AB8A823226368295007A20C2 /* UIViewController+Extension.swift */; };
		AB8A825F2636AABE007A20C2 /* GoogleService-Info.plist in Resources */ = {isa = PBXBuildFile; fileRef = AB8A825E2636AABE007A20C2 /* GoogleService-Info.plist */; };
		AB8A826E2636ACF1007A20C2 /* SignUp.storyboard in Resources */ = {isa = PBXBuildFile; fileRef = AB8A826D2636ACF1007A20C2 /* SignUp.storyboard */; };
		AB8A82712636AF7F007A20C2 /* SignUpViewController.swift in Sources */ = {isa = PBXBuildFile; fileRef = AB8A82702636AF7F007A20C2 /* SignUpViewController.swift */; };
		AB8A82752636B10D007A20C2 /* String+Extension.swift in Sources */ = {isa = PBXBuildFile; fileRef = AB8A82742636B10D007A20C2 /* String+Extension.swift */; };
		AB8A82902636D86D007A20C2 /* User.swift in Sources */ = {isa = PBXBuildFile; fileRef = AB8A828F2636D86C007A20C2 /* User.swift */; };
		ABF7AE7A2637D69F00FDDD6D /* APIError.swift in Sources */ = {isa = PBXBuildFile; fileRef = ABF7AE792637D69F00FDDD6D /* APIError.swift */; };
		ABF7AE8126381CFF00FDDD6D /* FirebaseAPI.swift in Sources */ = {isa = PBXBuildFile; fileRef = ABF7AE8026381CFF00FDDD6D /* FirebaseAPI.swift */; };
		ABF7AE8626386EAE00FDDD6D /* UserHistories.storyboard in Resources */ = {isa = PBXBuildFile; fileRef = ABF7AE8526386EAD00FDDD6D /* UserHistories.storyboard */; };
		ABF7AE8926386F6D00FDDD6D /* UserHistoriesViewController.swift in Sources */ = {isa = PBXBuildFile; fileRef = ABF7AE8826386F6D00FDDD6D /* UserHistoriesViewController.swift */; };
		ABF7AE92263870A400FDDD6D /* UserTableViewCell.swift in Sources */ = {isa = PBXBuildFile; fileRef = ABF7AE90263870A400FDDD6D /* UserTableViewCell.swift */; };
		ABF7AE93263870A400FDDD6D /* UserTableViewCell.xib in Resources */ = {isa = PBXBuildFile; fileRef = ABF7AE91263870A400FDDD6D /* UserTableViewCell.xib */; };
		ABF7AE9826392F2300FDDD6D /* UIStoryboard+Extension.swift in Sources */ = {isa = PBXBuildFile; fileRef = ABF7AE9726392F2300FDDD6D /* UIStoryboard+Extension.swift */; };
		ABF7AEA126394C3200FDDD6D /* UserUsecase.swift in Sources */ = {isa = PBXBuildFile; fileRef = ABF7AEA026394C3200FDDD6D /* UserUsecase.swift */; };
		ABF7AEA52639528400FDDD6D /* UserRepository.swift in Sources */ = {isa = PBXBuildFile; fileRef = ABF7AEA42639528400FDDD6D /* UserRepository.swift */; };
		BBBEF92E584079768CC9CBED /* Pods_ChatApp.framework in Frameworks */ = {isa = PBXBuildFile; fileRef = A95345ACA520904B6D166A59 /* Pods_ChatApp.framework */; };
/* End PBXBuildFile section */

/* Begin PBXFileReference section */
		6F2A8CAC88A0E3B894B65263 /* Pods-ChatApp.debug.xcconfig */ = {isa = PBXFileReference; includeInIndex = 1; lastKnownFileType = text.xcconfig; name = "Pods-ChatApp.debug.xcconfig"; path = "Target Support Files/Pods-ChatApp/Pods-ChatApp.debug.xcconfig"; sourceTree = "<group>"; };
		8BE507AC3186F4B98D3D12BD /* Pods-ChatApp.release.xcconfig */ = {isa = PBXFileReference; includeInIndex = 1; lastKnownFileType = text.xcconfig; name = "Pods-ChatApp.release.xcconfig"; path = "Target Support Files/Pods-ChatApp/Pods-ChatApp.release.xcconfig"; sourceTree = "<group>"; };
		A95345ACA520904B6D166A59 /* Pods_ChatApp.framework */ = {isa = PBXFileReference; explicitFileType = wrapper.framework; includeInIndex = 0; path = Pods_ChatApp.framework; sourceTree = BUILT_PRODUCTS_DIR; };
		AB8A81A226356B0B007A20C2 /* ChatApp.app */ = {isa = PBXFileReference; explicitFileType = wrapper.application; includeInIndex = 0; path = ChatApp.app; sourceTree = BUILT_PRODUCTS_DIR; };
		AB8A81A526356B0B007A20C2 /* AppDelegate.swift */ = {isa = PBXFileReference; lastKnownFileType = sourcecode.swift; path = AppDelegate.swift; sourceTree = "<group>"; };
		AB8A81A726356B0B007A20C2 /* SceneDelegate.swift */ = {isa = PBXFileReference; lastKnownFileType = sourcecode.swift; path = SceneDelegate.swift; sourceTree = "<group>"; };
		AB8A81AE26356B0F007A20C2 /* Assets.xcassets */ = {isa = PBXFileReference; lastKnownFileType = folder.assetcatalog; path = Assets.xcassets; sourceTree = "<group>"; };
		AB8A81B126356B0F007A20C2 /* Base */ = {isa = PBXFileReference; lastKnownFileType = file.storyboard; name = Base; path = Base.lproj/LaunchScreen.storyboard; sourceTree = "<group>"; };
		AB8A81B326356B0F007A20C2 /* Info.plist */ = {isa = PBXFileReference; lastKnownFileType = text.plist.xml; path = Info.plist; sourceTree = "<group>"; };
		AB8A81BB26356C4A007A20C2 /* ChatHistories.storyboard */ = {isa = PBXFileReference; lastKnownFileType = file.storyboard; path = ChatHistories.storyboard; sourceTree = "<group>"; };
		AB8A81BE26356CA9007A20C2 /* ChatHistoriesViewController.swift */ = {isa = PBXFileReference; lastKnownFileType = sourcecode.swift; path = ChatHistoriesViewController.swift; sourceTree = "<group>"; };
		AB8A82072635B1DA007A20C2 /* UIColor+Extension.swift */ = {isa = PBXFileReference; lastKnownFileType = sourcecode.swift; path = "UIColor+Extension.swift"; sourceTree = "<group>"; };
		AB8A820C2635B79F007A20C2 /* ChatRoom.storyboard */ = {isa = PBXFileReference; lastKnownFileType = file.storyboard; path = ChatRoom.storyboard; sourceTree = "<group>"; };
		AB8A82112635B806007A20C2 /* ChatRoomViewController.swift */ = {isa = PBXFileReference; lastKnownFileType = sourcecode.swift; path = ChatRoomViewController.swift; sourceTree = "<group>"; };
		AB8A821A2635BB1F007A20C2 /* ChatRoomTableViewCell.swift */ = {isa = PBXFileReference; lastKnownFileType = sourcecode.swift; path = ChatRoomTableViewCell.swift; sourceTree = "<group>"; };
		AB8A821B2635BB1F007A20C2 /* ChatRoomTableViewCell.xib */ = {isa = PBXFileReference; lastKnownFileType = file.xib; path = ChatRoomTableViewCell.xib; sourceTree = "<group>"; };
		AB8A82222635C351007A20C2 /* ChatTableViewCell.swift */ = {isa = PBXFileReference; lastKnownFileType = sourcecode.swift; path = ChatTableViewCell.swift; sourceTree = "<group>"; };
		AB8A82272635C505007A20C2 /* ChatInputAccessoryView.xib */ = {isa = PBXFileReference; lastKnownFileType = file.xib; path = ChatInputAccessoryView.xib; sourceTree = "<group>"; };
		AB8A822B2635C635007A20C2 /* ChatInputAccessoryView.swift */ = {isa = PBXFileReference; lastKnownFileType = sourcecode.swift; path = ChatInputAccessoryView.swift; sourceTree = "<group>"; };
		AB8A822F2636821C007A20C2 /* UITableViewCell+Extension.swift */ = {isa = PBXFileReference; lastKnownFileType = sourcecode.swift; path = "UITableViewCell+Extension.swift"; sourceTree = "<group>"; };
		AB8A823226368295007A20C2 /* UIViewController+Extension.swift */ = {isa = PBXFileReference; lastKnownFileType = sourcecode.swift; path = "UIViewController+Extension.swift"; sourceTree = "<group>"; };
		AB8A825E2636AABE007A20C2 /* GoogleService-Info.plist */ = {isa = PBXFileReference; fileEncoding = 4; lastKnownFileType = text.plist.xml; path = "GoogleService-Info.plist"; sourceTree = "<group>"; };
		AB8A826D2636ACF1007A20C2 /* SignUp.storyboard */ = {isa = PBXFileReference; lastKnownFileType = file.storyboard; path = SignUp.storyboard; sourceTree = "<group>"; };
		AB8A82702636AF7F007A20C2 /* SignUpViewController.swift */ = {isa = PBXFileReference; lastKnownFileType = sourcecode.swift; path = SignUpViewController.swift; sourceTree = "<group>"; };
		AB8A82742636B10D007A20C2 /* String+Extension.swift */ = {isa = PBXFileReference; lastKnownFileType = sourcecode.swift; path = "String+Extension.swift"; sourceTree = "<group>"; };
		AB8A828F2636D86C007A20C2 /* User.swift */ = {isa = PBXFileReference; lastKnownFileType = sourcecode.swift; path = User.swift; sourceTree = "<group>"; };
		ABF7AE792637D69F00FDDD6D /* APIError.swift */ = {isa = PBXFileReference; lastKnownFileType = sourcecode.swift; path = APIError.swift; sourceTree = "<group>"; };
		ABF7AE8026381CFF00FDDD6D /* FirebaseAPI.swift */ = {isa = PBXFileReference; lastKnownFileType = sourcecode.swift; path = FirebaseAPI.swift; sourceTree = "<group>"; };
		ABF7AE8526386EAD00FDDD6D /* UserHistories.storyboard */ = {isa = PBXFileReference; lastKnownFileType = file.storyboard; path = UserHistories.storyboard; sourceTree = "<group>"; };
		ABF7AE8826386F6D00FDDD6D /* UserHistoriesViewController.swift */ = {isa = PBXFileReference; lastKnownFileType = sourcecode.swift; path = UserHistoriesViewController.swift; sourceTree = "<group>"; };
		ABF7AE90263870A400FDDD6D /* UserTableViewCell.swift */ = {isa = PBXFileReference; lastKnownFileType = sourcecode.swift; path = UserTableViewCell.swift; sourceTree = "<group>"; };
		ABF7AE91263870A400FDDD6D /* UserTableViewCell.xib */ = {isa = PBXFileReference; lastKnownFileType = file.xib; path = UserTableViewCell.xib; sourceTree = "<group>"; };
		ABF7AE9726392F2300FDDD6D /* UIStoryboard+Extension.swift */ = {isa = PBXFileReference; lastKnownFileType = sourcecode.swift; path = "UIStoryboard+Extension.swift"; sourceTree = "<group>"; };
		ABF7AEA026394C3200FDDD6D /* UserUsecase.swift */ = {isa = PBXFileReference; lastKnownFileType = sourcecode.swift; path = UserUsecase.swift; sourceTree = "<group>"; };
		ABF7AEA42639528400FDDD6D /* UserRepository.swift */ = {isa = PBXFileReference; lastKnownFileType = sourcecode.swift; path = UserRepository.swift; sourceTree = "<group>"; };
/* End PBXFileReference section */

/* Begin PBXFrameworksBuildPhase section */
		AB8A819F26356B0B007A20C2 /* Frameworks */ = {
			isa = PBXFrameworksBuildPhase;
			buildActionMask = 2147483647;
			files = (
				BBBEF92E584079768CC9CBED /* Pods_ChatApp.framework in Frameworks */,
			);
			runOnlyForDeploymentPostprocessing = 0;
		};
/* End PBXFrameworksBuildPhase section */

/* Begin PBXGroup section */
		16BBCFD51C9CA05F48B84D09 /* Frameworks */ = {
			isa = PBXGroup;
			children = (
				A95345ACA520904B6D166A59 /* Pods_ChatApp.framework */,
			);
			name = Frameworks;
			sourceTree = "<group>";
		};
		8911D2BF8B7AA4FF39C9DC23 /* Pods */ = {
			isa = PBXGroup;
			children = (
				6F2A8CAC88A0E3B894B65263 /* Pods-ChatApp.debug.xcconfig */,
				8BE507AC3186F4B98D3D12BD /* Pods-ChatApp.release.xcconfig */,
			);
			path = Pods;
			sourceTree = "<group>";
		};
		AB8A819926356B0B007A20C2 = {
			isa = PBXGroup;
			children = (
				AB8A81A426356B0B007A20C2 /* ChatApp */,
				AB8A81A326356B0B007A20C2 /* Products */,
				8911D2BF8B7AA4FF39C9DC23 /* Pods */,
				16BBCFD51C9CA05F48B84D09 /* Frameworks */,
			);
			sourceTree = "<group>";
		};
		AB8A81A326356B0B007A20C2 /* Products */ = {
			isa = PBXGroup;
			children = (
				AB8A81A226356B0B007A20C2 /* ChatApp.app */,
			);
			name = Products;
			sourceTree = "<group>";
		};
		AB8A81A426356B0B007A20C2 /* ChatApp */ = {
			isa = PBXGroup;
			children = (
				AB8A82922636D872007A20C2 /* Models */,
				AB8A821F2635BB27007A20C2 /* Views */,
				AB8A82102635B7EF007A20C2 /* Controllers */,
				ABF7AE782637D68100FDDD6D /* Enums */,
				AB8A82212635C307007A20C2 /* Extensions */,
				AB8A81A526356B0B007A20C2 /* AppDelegate.swift */,
				AB8A81A726356B0B007A20C2 /* SceneDelegate.swift */,
				AB8A81AE26356B0F007A20C2 /* Assets.xcassets */,
				AB8A81B026356B0F007A20C2 /* LaunchScreen.storyboard */,
				AB8A81B326356B0F007A20C2 /* Info.plist */,
				AB8A825E2636AABE007A20C2 /* GoogleService-Info.plist */,
			);
			path = ChatApp;
			sourceTree = "<group>";
		};
		AB8A820F2635B7DA007A20C2 /* Storyboards */ = {
			isa = PBXGroup;
			children = (
				AB8A81BB26356C4A007A20C2 /* ChatHistories.storyboard */,
				AB8A820C2635B79F007A20C2 /* ChatRoom.storyboard */,
				AB8A826D2636ACF1007A20C2 /* SignUp.storyboard */,
				ABF7AE8526386EAD00FDDD6D /* UserHistories.storyboard */,
			);
			path = Storyboards;
			sourceTree = "<group>";
		};
		AB8A82102635B7EF007A20C2 /* Controllers */ = {
			isa = PBXGroup;
			children = (
				AB8A81BE26356CA9007A20C2 /* ChatHistoriesViewController.swift */,
				AB8A82112635B806007A20C2 /* ChatRoomViewController.swift */,
				AB8A82702636AF7F007A20C2 /* SignUpViewController.swift */,
				ABF7AE8826386F6D00FDDD6D /* UserHistoriesViewController.swift */,
			);
			path = Controllers;
			sourceTree = "<group>";
		};
		AB8A821F2635BB27007A20C2 /* Views */ = {
			isa = PBXGroup;
			children = (
				AB8A82222635C351007A20C2 /* ChatTableViewCell.swift */,
				AB8A821A2635BB1F007A20C2 /* ChatRoomTableViewCell.swift */,
				AB8A822B2635C635007A20C2 /* ChatInputAccessoryView.swift */,
				ABF7AE90263870A400FDDD6D /* UserTableViewCell.swift */,
				ABF7AE7F2638199C00FDDD6D /* Xibs */,
				AB8A820F2635B7DA007A20C2 /* Storyboards */,
			);
			path = Views;
			sourceTree = "<group>";
		};
		AB8A82212635C307007A20C2 /* Extensions */ = {
			isa = PBXGroup;
			children = (
				AB8A82072635B1DA007A20C2 /* UIColor+Extension.swift */,
				AB8A82742636B10D007A20C2 /* String+Extension.swift */,
				AB8A822F2636821C007A20C2 /* UITableViewCell+Extension.swift */,
				AB8A823226368295007A20C2 /* UIViewController+Extension.swift */,
				ABF7AE9726392F2300FDDD6D /* UIStoryboard+Extension.swift */,
			);
			path = Extensions;
			sourceTree = "<group>";
		};
		AB8A82922636D872007A20C2 /* Models */ = {
			isa = PBXGroup;
			children = (
				ABF49DDB263DC8BA002B742E /* Utilities */,
				ABF7AEA32639525300FDDD6D /* Entities */,
				ABF7AE7E2638196A00FDDD6D /* Repositorys */,
				ABF7AE7D2638196100FDDD6D /* UseCases */,
			);
			path = Models;
			sourceTree = "<group>";
		};
		ABF49DDB263DC8BA002B742E /* Utilities */ = {
			isa = PBXGroup;
			children = (
				ABF7AE8026381CFF00FDDD6D /* FirebaseAPI.swift */,
			);
			path = Utilities;
			sourceTree = "<group>";
		};
		ABF7AE782637D68100FDDD6D /* Enums */ = {
			isa = PBXGroup;
			children = (
				ABF7AE792637D69F00FDDD6D /* APIError.swift */,
			);
			path = Enums;
			sourceTree = "<group>";
		};
		ABF7AE7D2638196100FDDD6D /* UseCases */ = {
			isa = PBXGroup;
			children = (
				ABF7AEA026394C3200FDDD6D /* UserUsecase.swift */,
			);
			path = UseCases;
			sourceTree = "<group>";
		};
		ABF7AE7E2638196A00FDDD6D /* Repositorys */ = {
			isa = PBXGroup;
			children = (
				ABF7AEA42639528400FDDD6D /* UserRepository.swift */,
			);
			path = Repositorys;
			sourceTree = "<group>";
		};
		ABF7AE7F2638199C00FDDD6D /* Xibs */ = {
			isa = PBXGroup;
			children = (
				AB8A821B2635BB1F007A20C2 /* ChatRoomTableViewCell.xib */,
				AB8A82272635C505007A20C2 /* ChatInputAccessoryView.xib */,
				ABF7AE91263870A400FDDD6D /* UserTableViewCell.xib */,
			);
			path = Xibs;
			sourceTree = "<group>";
		};
		ABF7AEA32639525300FDDD6D /* Entities */ = {
			isa = PBXGroup;
			children = (
				AB8A828F2636D86C007A20C2 /* User.swift */,
			);
			path = Entities;
			sourceTree = "<group>";
		};
/* End PBXGroup section */

/* Begin PBXNativeTarget section */
		AB8A81A126356B0B007A20C2 /* ChatApp */ = {
			isa = PBXNativeTarget;
			buildConfigurationList = AB8A81B626356B0F007A20C2 /* Build configuration list for PBXNativeTarget "ChatApp" */;
			buildPhases = (
				4772DA9DFC85425C6B726485 /* [CP] Check Pods Manifest.lock */,
				AB8A819E26356B0B007A20C2 /* Sources */,
				AB8A819F26356B0B007A20C2 /* Frameworks */,
				AB8A81A026356B0B007A20C2 /* Resources */,
				9E1F3A96176AFEEB44B87967 /* [CP] Embed Pods Frameworks */,
			);
			buildRules = (
			);
			dependencies = (
			);
			name = ChatApp;
			productName = ChatApp;
			productReference = AB8A81A226356B0B007A20C2 /* ChatApp.app */;
			productType = "com.apple.product-type.application";
		};
/* End PBXNativeTarget section */

/* Begin PBXProject section */
		AB8A819A26356B0B007A20C2 /* Project object */ = {
			isa = PBXProject;
			attributes = {
				LastSwiftUpdateCheck = 1240;
				LastUpgradeCheck = 1240;
				TargetAttributes = {
					AB8A81A126356B0B007A20C2 = {
						CreatedOnToolsVersion = 12.4;
					};
				};
			};
			buildConfigurationList = AB8A819D26356B0B007A20C2 /* Build configuration list for PBXProject "ChatApp" */;
			compatibilityVersion = "Xcode 9.3";
			developmentRegion = en;
			hasScannedForEncodings = 0;
			knownRegions = (
				en,
				Base,
			);
			mainGroup = AB8A819926356B0B007A20C2;
			productRefGroup = AB8A81A326356B0B007A20C2 /* Products */;
			projectDirPath = "";
			projectRoot = "";
			targets = (
				AB8A81A126356B0B007A20C2 /* ChatApp */,
			);
		};
/* End PBXProject section */

/* Begin PBXResourcesBuildPhase section */
		AB8A81A026356B0B007A20C2 /* Resources */ = {
			isa = PBXResourcesBuildPhase;
			buildActionMask = 2147483647;
			files = (
				ABF7AE93263870A400FDDD6D /* UserTableViewCell.xib in Resources */,
				ABF7AE8626386EAE00FDDD6D /* UserHistories.storyboard in Resources */,
				AB8A821D2635BB1F007A20C2 /* ChatRoomTableViewCell.xib in Resources */,
				AB8A81B226356B0F007A20C2 /* LaunchScreen.storyboard in Resources */,
				AB8A81AF26356B0F007A20C2 /* Assets.xcassets in Resources */,
				AB8A81BC26356C4B007A20C2 /* ChatHistories.storyboard in Resources */,
				AB8A82282635C505007A20C2 /* ChatInputAccessoryView.xib in Resources */,
				AB8A820D2635B79F007A20C2 /* ChatRoom.storyboard in Resources */,
				AB8A826E2636ACF1007A20C2 /* SignUp.storyboard in Resources */,
				AB8A825F2636AABE007A20C2 /* GoogleService-Info.plist in Resources */,
			);
			runOnlyForDeploymentPostprocessing = 0;
		};
/* End PBXResourcesBuildPhase section */

/* Begin PBXShellScriptBuildPhase section */
		4772DA9DFC85425C6B726485 /* [CP] Check Pods Manifest.lock */ = {
			isa = PBXShellScriptBuildPhase;
			buildActionMask = 2147483647;
			files = (
			);
			inputFileListPaths = (
			);
			inputPaths = (
				"${PODS_PODFILE_DIR_PATH}/Podfile.lock",
				"${PODS_ROOT}/Manifest.lock",
			);
			name = "[CP] Check Pods Manifest.lock";
			outputFileListPaths = (
			);
			outputPaths = (
				"$(DERIVED_FILE_DIR)/Pods-ChatApp-checkManifestLockResult.txt",
			);
			runOnlyForDeploymentPostprocessing = 0;
			shellPath = /bin/sh;
			shellScript = "diff \"${PODS_PODFILE_DIR_PATH}/Podfile.lock\" \"${PODS_ROOT}/Manifest.lock\" > /dev/null\nif [ $? != 0 ] ; then\n    # print error to STDERR\n    echo \"error: The sandbox is not in sync with the Podfile.lock. Run 'pod install' or update your CocoaPods installation.\" >&2\n    exit 1\nfi\n# This output is used by Xcode 'outputs' to avoid re-running this script phase.\necho \"SUCCESS\" > \"${SCRIPT_OUTPUT_FILE_0}\"\n";
			showEnvVarsInLog = 0;
		};
		9E1F3A96176AFEEB44B87967 /* [CP] Embed Pods Frameworks */ = {
			isa = PBXShellScriptBuildPhase;
			buildActionMask = 2147483647;
			files = (
			);
			inputFileListPaths = (
				"${PODS_ROOT}/Target Support Files/Pods-ChatApp/Pods-ChatApp-frameworks-${CONFIGURATION}-input-files.xcfilelist",
			);
			name = "[CP] Embed Pods Frameworks";
			outputFileListPaths = (
				"${PODS_ROOT}/Target Support Files/Pods-ChatApp/Pods-ChatApp-frameworks-${CONFIGURATION}-output-files.xcfilelist",
			);
			runOnlyForDeploymentPostprocessing = 0;
			shellPath = /bin/sh;
			shellScript = "\"${PODS_ROOT}/Target Support Files/Pods-ChatApp/Pods-ChatApp-frameworks.sh\"\n";
			showEnvVarsInLog = 0;
		};
/* End PBXShellScriptBuildPhase section */

/* Begin PBXSourcesBuildPhase section */
		AB8A819E26356B0B007A20C2 /* Sources */ = {
			isa = PBXSourcesBuildPhase;
			buildActionMask = 2147483647;
			files = (
				AB8A82902636D86D007A20C2 /* User.swift in Sources */,
				ABF7AE8926386F6D00FDDD6D /* UserHistoriesViewController.swift in Sources */,
				AB8A82712636AF7F007A20C2 /* SignUpViewController.swift in Sources */,
				AB8A81A626356B0B007A20C2 /* AppDelegate.swift in Sources */,
				ABF7AE7A2637D69F00FDDD6D /* APIError.swift in Sources */,
				AB8A81BF26356CA9007A20C2 /* ChatHistoriesViewController.swift in Sources */,
				AB8A82232635C351007A20C2 /* ChatTableViewCell.swift in Sources */,
				AB8A82752636B10D007A20C2 /* String+Extension.swift in Sources */,
				ABF7AE9826392F2300FDDD6D /* UIStoryboard+Extension.swift in Sources */,
				AB8A82122635B806007A20C2 /* ChatRoomViewController.swift in Sources */,
				ABF7AEA126394C3200FDDD6D /* UserUsecase.swift in Sources */,
				AB8A82302636821C007A20C2 /* UITableViewCell+Extension.swift in Sources */,
				AB8A81A826356B0B007A20C2 /* SceneDelegate.swift in Sources */,
				AB8A821C2635BB1F007A20C2 /* ChatRoomTableViewCell.swift in Sources */,
				AB8A822C2635C635007A20C2 /* ChatInputAccessoryView.swift in Sources */,
				AB8A823326368295007A20C2 /* UIViewController+Extension.swift in Sources */,
				ABF7AE92263870A400FDDD6D /* UserTableViewCell.swift in Sources */,
				ABF7AE8126381CFF00FDDD6D /* FirebaseAPI.swift in Sources */,
				ABF7AEA52639528400FDDD6D /* UserRepository.swift in Sources */,
				AB8A82082635B1DA007A20C2 /* UIColor+Extension.swift in Sources */,
			);
			runOnlyForDeploymentPostprocessing = 0;
		};
/* End PBXSourcesBuildPhase section */

/* Begin PBXVariantGroup section */
		AB8A81B026356B0F007A20C2 /* LaunchScreen.storyboard */ = {
			isa = PBXVariantGroup;
			children = (
				AB8A81B126356B0F007A20C2 /* Base */,
			);
			name = LaunchScreen.storyboard;
			sourceTree = "<group>";
		};
/* End PBXVariantGroup section */

/* Begin XCBuildConfiguration section */
		AB8A81B426356B0F007A20C2 /* Debug */ = {
			isa = XCBuildConfiguration;
			buildSettings = {
				ALWAYS_SEARCH_USER_PATHS = NO;
				CLANG_ANALYZER_NONNULL = YES;
				CLANG_ANALYZER_NUMBER_OBJECT_CONVERSION = YES_AGGRESSIVE;
				CLANG_CXX_LANGUAGE_STANDARD = "gnu++14";
				CLANG_CXX_LIBRARY = "libc++";
				CLANG_ENABLE_MODULES = YES;
				CLANG_ENABLE_OBJC_ARC = YES;
				CLANG_ENABLE_OBJC_WEAK = YES;
				CLANG_WARN_BLOCK_CAPTURE_AUTORELEASING = YES;
				CLANG_WARN_BOOL_CONVERSION = YES;
				CLANG_WARN_COMMA = YES;
				CLANG_WARN_CONSTANT_CONVERSION = YES;
				CLANG_WARN_DEPRECATED_OBJC_IMPLEMENTATIONS = YES;
				CLANG_WARN_DIRECT_OBJC_ISA_USAGE = YES_ERROR;
				CLANG_WARN_DOCUMENTATION_COMMENTS = YES;
				CLANG_WARN_EMPTY_BODY = YES;
				CLANG_WARN_ENUM_CONVERSION = YES;
				CLANG_WARN_INFINITE_RECURSION = YES;
				CLANG_WARN_INT_CONVERSION = YES;
				CLANG_WARN_NON_LITERAL_NULL_CONVERSION = YES;
				CLANG_WARN_OBJC_IMPLICIT_RETAIN_SELF = YES;
				CLANG_WARN_OBJC_LITERAL_CONVERSION = YES;
				CLANG_WARN_OBJC_ROOT_CLASS = YES_ERROR;
				CLANG_WARN_QUOTED_INCLUDE_IN_FRAMEWORK_HEADER = YES;
				CLANG_WARN_RANGE_LOOP_ANALYSIS = YES;
				CLANG_WARN_STRICT_PROTOTYPES = YES;
				CLANG_WARN_SUSPICIOUS_MOVE = YES;
				CLANG_WARN_UNGUARDED_AVAILABILITY = YES_AGGRESSIVE;
				CLANG_WARN_UNREACHABLE_CODE = YES;
				CLANG_WARN__DUPLICATE_METHOD_MATCH = YES;
				COPY_PHASE_STRIP = NO;
				DEBUG_INFORMATION_FORMAT = dwarf;
				ENABLE_STRICT_OBJC_MSGSEND = YES;
				ENABLE_TESTABILITY = YES;
				GCC_C_LANGUAGE_STANDARD = gnu11;
				GCC_DYNAMIC_NO_PIC = NO;
				GCC_NO_COMMON_BLOCKS = YES;
				GCC_OPTIMIZATION_LEVEL = 0;
				GCC_PREPROCESSOR_DEFINITIONS = (
					"DEBUG=1",
					"$(inherited)",
				);
				GCC_WARN_64_TO_32_BIT_CONVERSION = YES;
				GCC_WARN_ABOUT_RETURN_TYPE = YES_ERROR;
				GCC_WARN_UNDECLARED_SELECTOR = YES;
				GCC_WARN_UNINITIALIZED_AUTOS = YES_AGGRESSIVE;
				GCC_WARN_UNUSED_FUNCTION = YES;
				GCC_WARN_UNUSED_VARIABLE = YES;
				IPHONEOS_DEPLOYMENT_TARGET = 14.4;
				MTL_ENABLE_DEBUG_INFO = INCLUDE_SOURCE;
				MTL_FAST_MATH = YES;
				ONLY_ACTIVE_ARCH = YES;
				SDKROOT = iphoneos;
				SWIFT_ACTIVE_COMPILATION_CONDITIONS = DEBUG;
				SWIFT_OPTIMIZATION_LEVEL = "-Onone";
			};
			name = Debug;
		};
		AB8A81B526356B0F007A20C2 /* Release */ = {
			isa = XCBuildConfiguration;
			buildSettings = {
				ALWAYS_SEARCH_USER_PATHS = NO;
				CLANG_ANALYZER_NONNULL = YES;
				CLANG_ANALYZER_NUMBER_OBJECT_CONVERSION = YES_AGGRESSIVE;
				CLANG_CXX_LANGUAGE_STANDARD = "gnu++14";
				CLANG_CXX_LIBRARY = "libc++";
				CLANG_ENABLE_MODULES = YES;
				CLANG_ENABLE_OBJC_ARC = YES;
				CLANG_ENABLE_OBJC_WEAK = YES;
				CLANG_WARN_BLOCK_CAPTURE_AUTORELEASING = YES;
				CLANG_WARN_BOOL_CONVERSION = YES;
				CLANG_WARN_COMMA = YES;
				CLANG_WARN_CONSTANT_CONVERSION = YES;
				CLANG_WARN_DEPRECATED_OBJC_IMPLEMENTATIONS = YES;
				CLANG_WARN_DIRECT_OBJC_ISA_USAGE = YES_ERROR;
				CLANG_WARN_DOCUMENTATION_COMMENTS = YES;
				CLANG_WARN_EMPTY_BODY = YES;
				CLANG_WARN_ENUM_CONVERSION = YES;
				CLANG_WARN_INFINITE_RECURSION = YES;
				CLANG_WARN_INT_CONVERSION = YES;
				CLANG_WARN_NON_LITERAL_NULL_CONVERSION = YES;
				CLANG_WARN_OBJC_IMPLICIT_RETAIN_SELF = YES;
				CLANG_WARN_OBJC_LITERAL_CONVERSION = YES;
				CLANG_WARN_OBJC_ROOT_CLASS = YES_ERROR;
				CLANG_WARN_QUOTED_INCLUDE_IN_FRAMEWORK_HEADER = YES;
				CLANG_WARN_RANGE_LOOP_ANALYSIS = YES;
				CLANG_WARN_STRICT_PROTOTYPES = YES;
				CLANG_WARN_SUSPICIOUS_MOVE = YES;
				CLANG_WARN_UNGUARDED_AVAILABILITY = YES_AGGRESSIVE;
				CLANG_WARN_UNREACHABLE_CODE = YES;
				CLANG_WARN__DUPLICATE_METHOD_MATCH = YES;
				COPY_PHASE_STRIP = NO;
				DEBUG_INFORMATION_FORMAT = "dwarf-with-dsym";
				ENABLE_NS_ASSERTIONS = NO;
				ENABLE_STRICT_OBJC_MSGSEND = YES;
				GCC_C_LANGUAGE_STANDARD = gnu11;
				GCC_NO_COMMON_BLOCKS = YES;
				GCC_WARN_64_TO_32_BIT_CONVERSION = YES;
				GCC_WARN_ABOUT_RETURN_TYPE = YES_ERROR;
				GCC_WARN_UNDECLARED_SELECTOR = YES;
				GCC_WARN_UNINITIALIZED_AUTOS = YES_AGGRESSIVE;
				GCC_WARN_UNUSED_FUNCTION = YES;
				GCC_WARN_UNUSED_VARIABLE = YES;
				IPHONEOS_DEPLOYMENT_TARGET = 14.4;
				MTL_ENABLE_DEBUG_INFO = NO;
				MTL_FAST_MATH = YES;
				SDKROOT = iphoneos;
				SWIFT_COMPILATION_MODE = wholemodule;
				SWIFT_OPTIMIZATION_LEVEL = "-O";
				VALIDATE_PRODUCT = YES;
			};
			name = Release;
		};
		AB8A81B726356B0F007A20C2 /* Debug */ = {
			isa = XCBuildConfiguration;
			baseConfigurationReference = 6F2A8CAC88A0E3B894B65263 /* Pods-ChatApp.debug.xcconfig */;
			buildSettings = {
				ASSETCATALOG_COMPILER_APPICON_NAME = AppIcon;
				ASSETCATALOG_COMPILER_GLOBAL_ACCENT_COLOR_NAME = AccentColor;
				CODE_SIGN_STYLE = Automatic;
				DEVELOPMENT_TEAM = 242KS3V77L;
				INFOPLIST_FILE = ChatApp/Info.plist;
				LD_RUNPATH_SEARCH_PATHS = (
					"$(inherited)",
					"@executable_path/Frameworks",
				);
				PRODUCT_BUNDLE_IDENTIFIER = oonishireon.ChatApp;
				PRODUCT_NAME = "$(TARGET_NAME)";
				SWIFT_VERSION = 5.0;
				TARGETED_DEVICE_FAMILY = 1;
			};
			name = Debug;
		};
		AB8A81B826356B0F007A20C2 /* Release */ = {
			isa = XCBuildConfiguration;
			baseConfigurationReference = 8BE507AC3186F4B98D3D12BD /* Pods-ChatApp.release.xcconfig */;
			buildSettings = {
				ASSETCATALOG_COMPILER_APPICON_NAME = AppIcon;
				ASSETCATALOG_COMPILER_GLOBAL_ACCENT_COLOR_NAME = AccentColor;
				CODE_SIGN_STYLE = Automatic;
				DEVELOPMENT_TEAM = 242KS3V77L;
				INFOPLIST_FILE = ChatApp/Info.plist;
				LD_RUNPATH_SEARCH_PATHS = (
					"$(inherited)",
					"@executable_path/Frameworks",
				);
				PRODUCT_BUNDLE_IDENTIFIER = oonishireon.ChatApp;
				PRODUCT_NAME = "$(TARGET_NAME)";
				SWIFT_VERSION = 5.0;
				TARGETED_DEVICE_FAMILY = 1;
			};
			name = Release;
		};
/* End XCBuildConfiguration section */

/* Begin XCConfigurationList section */
		AB8A819D26356B0B007A20C2 /* Build configuration list for PBXProject "ChatApp" */ = {
			isa = XCConfigurationList;
			buildConfigurations = (
				AB8A81B426356B0F007A20C2 /* Debug */,
				AB8A81B526356B0F007A20C2 /* Release */,
			);
			defaultConfigurationIsVisible = 0;
			defaultConfigurationName = Release;
		};
		AB8A81B626356B0F007A20C2 /* Build configuration list for PBXNativeTarget "ChatApp" */ = {
			isa = XCConfigurationList;
			buildConfigurations = (
				AB8A81B726356B0F007A20C2 /* Debug */,
				AB8A81B826356B0F007A20C2 /* Release */,
			);
			defaultConfigurationIsVisible = 0;
			defaultConfigurationName = Release;
		};
/* End XCConfigurationList section */
	};
	rootObject = AB8A819A26356B0B007A20C2 /* Project object */;
}
